
Microsoft Visual Studio Solution File, Format Version 12.00
# Visual Studio Version 17
VisualStudioVersion = 17.9.34728.123
MinimumVisualStudioVersion = 10.0.40219.1
Project("{9A19103F-16F7-4668-BE54-9A1E7A4F7556}") = "BlazorShop.Web", "BlazorShop.Web\BlazorShop.Web.csproj", "{B471E405-C2F8-4237-86D7-0FA33602DD76}"
EndProject
Project("{9A19103F-16F7-4668-BE54-9A1E7A4F7556}") = "BlazorShop.Api", "BlazorShop.Api\BlazorShop.Api.csproj", "{0E33CE15-6BDB-4422-9B58-9EC42D3A63BF}"
EndProject
Project("{9A19103F-16F7-4668-BE54-9A1E7A4F7556}") = "BlazorShop.Models", "BlazorShop.Models\BlazorShop.Models.csproj", "{EFA17D0B-27CE-49EB-A69F-F75C335FA185}"
EndProject
Global
	GlobalSection(SolutionConfigurationPlatforms) = preSolution
		Debug|Any CPU = Debug|Any CPU
		Release|Any CPU = Release|Any CPU
	EndGlobalSection
	GlobalSection(ProjectConfigurationPlatforms) = postSolution
		{B471E405-C2F8-4237-86D7-0FA33602DD76}.Debug|Any CPU.ActiveCfg = Debug|Any CPU
		{B471E405-C2F8-4237-86D7-0FA33602DD76}.Debug|Any CPU.Build.0 = Debug|Any CPU
		{B471E405-C2F8-4237-86D7-0FA33602DD76}.Release|Any CPU.ActiveCfg = Release|Any CPU
		{B471E405-C2F8-4237-86D7-0FA33602DD76}.Release|Any CPU.Build.0 = Release|Any CPU
		{0E33CE15-6BDB-4422-9B58-9EC42D3A63BF}.Debug|Any CPU.ActiveCfg = Debug|Any CPU
		{0E33CE15-6BDB-4422-9B58-9EC42D3A63BF}.Debug|Any CPU.Build.0 = Debug|Any CPU
		{0E33CE15-6BDB-4422-9B58-9EC42D3A63BF}.Release|Any CPU.ActiveCfg = Release|Any CPU
		{0E33CE15-6BDB-4422-9B58-9EC42D3A63BF}.Release|Any CPU.Build.0 = Release|Any CPU
		{EFA17D0B-27CE-49EB-A69F-F75C335FA185}.Debug|Any CPU.ActiveCfg = Debug|Any CPU
		{EFA17D0B-27CE-49EB-A69F-F75C335FA185}.Debug|Any CPU.Build.0 = Debug|Any CPU
		{EFA17D0B-27CE-49EB-A69F-F75C335FA185}.Release|Any CPU.ActiveCfg = Release|Any CPU
		{EFA17D0B-27CE-49EB-A69F-F75C335FA185}.Release|Any CPU.Build.0 = Release|Any CPU
	EndGlobalSection
	GlobalSection(SolutionProperties) = preSolution
		HideSolutionNode = FALSE
	EndGlobalSection
	GlobalSection(ExtensibilityGlobals) = postSolution
		SolutionGuid = {CAE1F770-0629-4545-9613-649854DA7694}
	EndGlobalSection
EndGlobal
